
Microsoft Visual Studio Solution File, Format Version 12.00
# Visual Studio 15
Project("{FAE04EC0-301F-11D3-BF4B-00C04F79EFBC}") = "FocusOnXamarin.Android", "FocusOnXamarin.Android\FocusOnXamarin.Android.csproj", "{D9DA1D9D-3CA2-435F-AB45-1A6350041D2F}"
EndProject
Project("{FAE04EC0-301F-11D3-BF4B-00C04F79EFBC}") = "FocusOnXamarin.iOS", "FocusOnXamarin.iOS\FocusOnXamarin.iOS.csproj", "{66B12B1F-D271-4156-99CB-B397B3834A1D}"
EndProject
Project("{FAE04EC0-301F-11D3-BF4B-00C04F79EFBC}") = "FocusOnXamarin", "FocusOnXamarin\FocusOnXamarin.csproj", "{B6AA58F7-6C03-4AFE-A3B1-AEB7E39F64A9}"
EndProject
Global
	GlobalSection(SolutionConfigurationPlatforms) = preSolution
		Debug|Any CPU = Debug|Any CPU
		Release|Any CPU = Release|Any CPU
		Debug|iPhoneSimulator = Debug|iPhoneSimulator
		Release|iPhoneSimulator = Release|iPhoneSimulator
		Debug|iPhone = Debug|iPhone
		Release|iPhone = Release|iPhone
	EndGlobalSection
	GlobalSection(ProjectConfigurationPlatforms) = postSolution
		{D9DA1D9D-3CA2-435F-AB45-1A6350041D2F}.Debug|Any CPU.ActiveCfg = Debug|Any CPU
		{D9DA1D9D-3CA2-435F-AB45-1A6350041D2F}.Debug|Any CPU.Build.0 = Debug|Any CPU
		{D9DA1D9D-3CA2-435F-AB45-1A6350041D2F}.Release|Any CPU.ActiveCfg = Release|Any CPU
		{D9DA1D9D-3CA2-435F-AB45-1A6350041D2F}.Release|Any CPU.Build.0 = Release|Any CPU
		{D9DA1D9D-3CA2-435F-AB45-1A6350041D2F}.Debug|iPhoneSimulator.ActiveCfg = Debug|Any CPU
		{D9DA1D9D-3CA2-435F-AB45-1A6350041D2F}.Debug|iPhoneSimulator.Build.0 = Debug|Any CPU
		{D9DA1D9D-3CA2-435F-AB45-1A6350041D2F}.Release|iPhoneSimulator.ActiveCfg = Release|Any CPU
		{D9DA1D9D-3CA2-435F-AB45-1A6350041D2F}.Release|iPhoneSimulator.Build.0 = Release|Any CPU
		{D9DA1D9D-3CA2-435F-AB45-1A6350041D2F}.Debug|iPhone.ActiveCfg = Debug|Any CPU
		{D9DA1D9D-3CA2-435F-AB45-1A6350041D2F}.Debug|iPhone.Build.0 = Debug|Any CPU
		{D9DA1D9D-3CA2-435F-AB45-1A6350041D2F}.Release|iPhone.ActiveCfg = Release|Any CPU
		{D9DA1D9D-3CA2-435F-AB45-1A6350041D2F}.Release|iPhone.Build.0 = Release|Any CPU
		{66B12B1F-D271-4156-99CB-B397B3834A1D}.Debug|Any CPU.ActiveCfg = Debug|iPhoneSimulator
		{66B12B1F-D271-4156-99CB-B397B3834A1D}.Debug|Any CPU.Build.0 = Debug|iPhoneSimulator
		{66B12B1F-D271-4156-99CB-B397B3834A1D}.Release|Any CPU.ActiveCfg = Release|iPhoneSimulator
		{66B12B1F-D271-4156-99CB-B397B3834A1D}.Release|Any CPU.Build.0 = Release|iPhoneSimulator
		{66B12B1F-D271-4156-99CB-B397B3834A1D}.Debug|iPhoneSimulator.ActiveCfg = Debug|iPhoneSimulator
		{66B12B1F-D271-4156-99CB-B397B3834A1D}.Debug|iPhoneSimulator.Build.0 = Debug|iPhoneSimulator
		{66B12B1F-D271-4156-99CB-B397B3834A1D}.Release|iPhoneSimulator.ActiveCfg = Release|iPhoneSimulator
		{66B12B1F-D271-4156-99CB-B397B3834A1D}.Release|iPhoneSimulator.Build.0 = Release|iPhoneSimulator
		{66B12B1F-D271-4156-99CB-B397B3834A1D}.Debug|iPhone.ActiveCfg = Debug|iPhone
		{66B12B1F-D271-4156-99CB-B397B3834A1D}.Debug|iPhone.Build.0 = Debug|iPhone
		{66B12B1F-D271-4156-99CB-B397B3834A1D}.Release|iPhone.ActiveCfg = Release|iPhone
		{66B12B1F-D271-4156-99CB-B397B3834A1D}.Release|iPhone.Build.0 = Release|iPhone
		{B6AA58F7-6C03-4AFE-A3B1-AEB7E39F64A9}.Debug|Any CPU.ActiveCfg = Debug|Any CPU
		{B6AA58F7-6C03-4AFE-A3B1-AEB7E39F64A9}.Debug|Any CPU.Build.0 = Debug|Any CPU
		{B6AA58F7-6C03-4AFE-A3B1-AEB7E39F64A9}.Release|Any CPU.ActiveCfg = Release|Any CPU
		{B6AA58F7-6C03-4AFE-A3B1-AEB7E39F64A9}.Release|Any CPU.Build.0 = Release|Any CPU
		{B6AA58F7-6C03-4AFE-A3B1-AEB7E39F64A9}.Debug|iPhoneSimulator.ActiveCfg = Debug|Any CPU
		{B6AA58F7-6C03-4AFE-A3B1-AEB7E39F64A9}.Debug|iPhoneSimulator.Build.0 = Debug|Any CPU
		{B6AA58F7-6C03-4AFE-A3B1-AEB7E39F64A9}.Release|iPhoneSimulator.ActiveCfg = Release|Any CPU
		{B6AA58F7-6C03-4AFE-A3B1-AEB7E39F64A9}.Release|iPhoneSimulator.Build.0 = Release|Any CPU
		{B6AA58F7-6C03-4AFE-A3B1-AEB7E39F64A9}.Debug|iPhone.ActiveCfg = Debug|Any CPU
		{B6AA58F7-6C03-4AFE-A3B1-AEB7E39F64A9}.Debug|iPhone.Build.0 = Debug|Any CPU
		{B6AA58F7-6C03-4AFE-A3B1-AEB7E39F64A9}.Release|iPhone.ActiveCfg = Release|Any CPU
		{B6AA58F7-6C03-4AFE-A3B1-AEB7E39F64A9}.Release|iPhone.Build.0 = Release|Any CPU
	EndGlobalSection
EndGlobal
